
Microsoft Visual Studio Solution File, Format Version 12.00
# Visual Studio Version 16
VisualStudioVersion = 16.0.31624.102
MinimumVisualStudioVersion = 10.0.40219.1
Project("{FAE04EC0-301F-11D3-BF4B-00C04F79EFBC}") = "RevisaoClasses_E_MetodosAbstratos", "RevisaoClasses_E_MetodosAbstratos\RevisaoClasses_E_MetodosAbstratos.csproj", "{0B89AA2B-D90C-474A-9FBE-4E87074E3867}"
EndProject
Global
	GlobalSection(SolutionConfigurationPlatforms) = preSolution
		Debug|Any CPU = Debug|Any CPU
		Release|Any CPU = Release|Any CPU
	EndGlobalSection
	GlobalSection(ProjectConfigurationPlatforms) = postSolution
		{0B89AA2B-D90C-474A-9FBE-4E87074E3867}.Debug|Any CPU.ActiveCfg = Debug|Any CPU
		{0B89AA2B-D90C-474A-9FBE-4E87074E3867}.Debug|Any CPU.Build.0 = Debug|Any CPU
		{0B89AA2B-D90C-474A-9FBE-4E87074E3867}.Release|Any CPU.ActiveCfg = Release|Any CPU
		{0B89AA2B-D90C-474A-9FBE-4E87074E3867}.Release|Any CPU.Build.0 = Release|Any CPU
	EndGlobalSection
	GlobalSection(SolutionProperties) = preSolution
		HideSolutionNode = FALSE
	EndGlobalSection
	GlobalSection(ExtensibilityGlobals) = postSolution
		SolutionGuid = {5B347762-F3A7-4A62-8852-62F71AD1C337}
	EndGlobalSection
EndGlobal
